// !$*UTF8*$!
{
	archiveVersion = 1;
	classes = {
	};
	objectVersion = 50;
	objects = {

/* Begin PBXBuildFile section */
		8B32256621DD0A2B000DC37B /* ViewController.swift in Sources */ = {isa = PBXBuildFile; fileRef = 8B32256521DD0A2B000DC37B /* ViewController.swift */; };
		8B32256921DD0A2B000DC37B /* Main.storyboard in Resources */ = {isa = PBXBuildFile; fileRef = 8B32256721DD0A2B000DC37B /* Main.storyboard */; };
		8B32256B21DD0A2C000DC37B /* Assets.xcassets in Resources */ = {isa = PBXBuildFile; fileRef = 8B32256A21DD0A2C000DC37B /* Assets.xcassets */; };
		8B32256E21DD0A2C000DC37B /* LaunchScreen.storyboard in Resources */ = {isa = PBXBuildFile; fileRef = 8B32256C21DD0A2C000DC37B /* LaunchScreen.storyboard */; };
		8B32257921DD0A45000DC37B /* AppDelegateHandler.swift in Sources */ = {isa = PBXBuildFile; fileRef = 8B32257521DD0A45000DC37B /* AppDelegateHandler.swift */; };
		8B32257A21DD0A45000DC37B /* SomeOtherHandler.swift in Sources */ = {isa = PBXBuildFile; fileRef = 8B32257621DD0A45000DC37B /* SomeOtherHandler.swift */; };
		8B32257B21DD0A45000DC37B /* AppDelegateProxy.swift in Sources */ = {isa = PBXBuildFile; fileRef = 8B32257721DD0A45000DC37B /* AppDelegateProxy.swift */; };
		8B32257C21DD0A45000DC37B /* RemoteNotificationHandler.swift in Sources */ = {isa = PBXBuildFile; fileRef = 8B32257821DD0A45000DC37B /* RemoteNotificationHandler.swift */; };
/* End PBXBuildFile section */

/* Begin PBXFileReference section */
		8B32256021DD0A2B000DC37B /* MinimalAppDelegateTest.app */ = {isa = PBXFileReference; explicitFileType = wrapper.application; includeInIndex = 0; path = MinimalAppDelegateTest.app; sourceTree = BUILT_PRODUCTS_DIR; };
		8B32256521DD0A2B000DC37B /* ViewController.swift */ = {isa = PBXFileReference; lastKnownFileType = sourcecode.swift; path = ViewController.swift; sourceTree = "<group>"; };
		8B32256821DD0A2B000DC37B /* Base */ = {isa = PBXFileReference; lastKnownFileType = file.storyboard; name = Base; path = Base.lproj/Main.storyboard; sourceTree = "<group>"; };
		8B32256A21DD0A2C000DC37B /* Assets.xcassets */ = {isa = PBXFileReference; lastKnownFileType = folder.assetcatalog; path = Assets.xcassets; sourceTree = "<group>"; };
		8B32256D21DD0A2C000DC37B /* Base */ = {isa = PBXFileReference; lastKnownFileType = file.storyboard; name = Base; path = Base.lproj/LaunchScreen.storyboard; sourceTree = "<group>"; };
		8B32256F21DD0A2C000DC37B /* Info.plist */ = {isa = PBXFileReference; lastKnownFileType = text.plist.xml; path = Info.plist; sourceTree = "<group>"; };
		8B32257521DD0A45000DC37B /* AppDelegateHandler.swift */ = {isa = PBXFileReference; fileEncoding = 4; lastKnownFileType = sourcecode.swift; path = AppDelegateHandler.swift; sourceTree = "<group>"; };
		8B32257621DD0A45000DC37B /* SomeOtherHandler.swift */ = {isa = PBXFileReference; fileEncoding = 4; lastKnownFileType = sourcecode.swift; path = SomeOtherHandler.swift; sourceTree = "<group>"; };
		8B32257721DD0A45000DC37B /* AppDelegateProxy.swift */ = {isa = PBXFileReference; fileEncoding = 4; lastKnownFileType = sourcecode.swift; path = AppDelegateProxy.swift; sourceTree = "<group>"; };
		8B32257821DD0A45000DC37B /* RemoteNotificationHandler.swift */ = {isa = PBXFileReference; fileEncoding = 4; lastKnownFileType = sourcecode.swift; path = RemoteNotificationHandler.swift; sourceTree = "<group>"; };
/* End PBXFileReference section */

/* Begin PBXFrameworksBuildPhase section */
		8B32255D21DD0A2B000DC37B /* Frameworks */ = {
			isa = PBXFrameworksBuildPhase;
			buildActionMask = 2147483647;
			files = (
			);
			runOnlyForDeploymentPostprocessing = 0;
		};
/* End PBXFrameworksBuildPhase section */

/* Begin PBXGroup section */
		8B32255721DD0A2B000DC37B = {
			isa = PBXGroup;
			children = (
				8B32256221DD0A2B000DC37B /* MinimalAppDelegateTest */,
				8B32256121DD0A2B000DC37B /* Products */,
			);
			sourceTree = "<group>";
		};
		8B32256121DD0A2B000DC37B /* Products */ = {
			isa = PBXGroup;
			children = (
				8B32256021DD0A2B000DC37B /* MinimalAppDelegateTest.app */,
			);
			name = Products;
			sourceTree = "<group>";
		};
		8B32256221DD0A2B000DC37B /* MinimalAppDelegateTest */ = {
			isa = PBXGroup;
			children = (
				8B32257D21DD0B25000DC37B /* AppDelegate */,
				8B32256521DD0A2B000DC37B /* ViewController.swift */,
				8B32256721DD0A2B000DC37B /* Main.storyboard */,
				8B32256A21DD0A2C000DC37B /* Assets.xcassets */,
				8B32256C21DD0A2C000DC37B /* LaunchScreen.storyboard */,
				8B32256F21DD0A2C000DC37B /* Info.plist */,
			);
			path = MinimalAppDelegateTest;
			sourceTree = "<group>";
		};
		8B32257D21DD0B25000DC37B /* AppDelegate */ = {
			isa = PBXGroup;
			children = (
				8B32257521DD0A45000DC37B /* AppDelegateHandler.swift */,
				8B32257721DD0A45000DC37B /* AppDelegateProxy.swift */,
				8B32257821DD0A45000DC37B /* RemoteNotificationHandler.swift */,
				8B32257621DD0A45000DC37B /* SomeOtherHandler.swift */,
			);
			path = AppDelegate;
			sourceTree = "<group>";
		};
/* End PBXGroup section */

/* Begin PBXNativeTarget section */
		8B32255F21DD0A2B000DC37B /* MinimalAppDelegateTest */ = {
			isa = PBXNativeTarget;
			buildConfigurationList = 8B32257221DD0A2C000DC37B /* Build configuration list for PBXNativeTarget "MinimalAppDelegateTest" */;
			buildPhases = (
				8B32255C21DD0A2B000DC37B /* Sources */,
				8B32255D21DD0A2B000DC37B /* Frameworks */,
				8B32255E21DD0A2B000DC37B /* Resources */,
			);
			buildRules = (
			);
			dependencies = (
			);
			name = MinimalAppDelegateTest;
			productName = MinimalAppDelegateTest;
			productReference = 8B32256021DD0A2B000DC37B /* MinimalAppDelegateTest.app */;
			productType = "com.apple.product-type.application";
		};
/* End PBXNativeTarget section */

/* Begin PBXProject section */
		8B32255821DD0A2B000DC37B /* Project object */ = {
			isa = PBXProject;
			attributes = {
				LastSwiftUpdateCheck = 1010;
				LastUpgradeCheck = 1010;
				ORGANIZATIONNAME = "Oleksandr Zaporozhchenko";
				TargetAttributes = {
					8B32255F21DD0A2B000DC37B = {
						CreatedOnToolsVersion = 10.1;
					};
				};
			};
			buildConfigurationList = 8B32255B21DD0A2B000DC37B /* Build configuration list for PBXProject "MinimalAppDelegateTest" */;
			compatibilityVersion = "Xcode 9.3";
			developmentRegion = en;
			hasScannedForEncodings = 0;
			knownRegions = (
				en,
				Base,
			);
			mainGroup = 8B32255721DD0A2B000DC37B;
			productRefGroup = 8B32256121DD0A2B000DC37B /* Products */;
			projectDirPath = "";
			projectRoot = "";
			targets = (
				8B32255F21DD0A2B000DC37B /* MinimalAppDelegateTest */,
			);
		};
/* End PBXProject section */

/* Begin PBXResourcesBuildPhase section */
		8B32255E21DD0A2B000DC37B /* Resources */ = {
			isa = PBXResourcesBuildPhase;
			buildActionMask = 2147483647;
			files = (
				8B32256E21DD0A2C000DC37B /* LaunchScreen.storyboard in Resources */,
				8B32256B21DD0A2C000DC37B /* Assets.xcassets in Resources */,
				8B32256921DD0A2B000DC37B /* Main.storyboard in Resources */,
			);
			runOnlyForDeploymentPostprocessing = 0;
		};
/* End PBXResourcesBuildPhase section */

/* Begin PBXSourcesBuildPhase section */
		8B32255C21DD0A2B000DC37B /* Sources */ = {
			isa = PBXSourcesBuildPhase;
			buildActionMask = 2147483647;
			files = (
				8B32256621DD0A2B000DC37B /* ViewController.swift in Sources */,
				8B32257C21DD0A45000DC37B /* RemoteNotificationHandler.swift in Sources */,
				8B32257A21DD0A45000DC37B /* SomeOtherHandler.swift in Sources */,
				8B32257B21DD0A45000DC37B /* AppDelegateProxy.swift in Sources */,
				8B32257921DD0A45000DC37B /* AppDelegateHandler.swift in Sources */,
			);
			runOnlyForDeploymentPostprocessing = 0;
		};
/* End PBXSourcesBuildPhase section */

/* Begin PBXVariantGroup section */
		8B32256721DD0A2B000DC37B /* Main.storyboard */ = {
			isa = PBXVariantGroup;
			children = (
				8B32256821DD0A2B000DC37B /* Base */,
			);
			name = Main.storyboard;
			sourceTree = "<group>";
		};
		8B32256C21DD0A2C000DC37B /* LaunchScreen.storyboard */ = {
			isa = PBXVariantGroup;
			children = (
				8B32256D21DD0A2C000DC37B /* Base */,
			);
			name = LaunchScreen.storyboard;
			sourceTree = "<group>";
		};
/* End PBXVariantGroup section */

/* Begin XCBuildConfiguration section */
		8B32257021DD0A2C000DC37B /* Debug */ = {
			isa = XCBuildConfiguration;
			buildSettings = {
				ALWAYS_SEARCH_USER_PATHS = NO;
				CLANG_ANALYZER_NONNULL = YES;
				CLANG_ANALYZER_NUMBER_OBJECT_CONVERSION = YES_AGGRESSIVE;
				CLANG_CXX_LANGUAGE_STANDARD = "gnu++14";
				CLANG_CXX_LIBRARY = "libc++";
				CLANG_ENABLE_MODULES = YES;
				CLANG_ENABLE_OBJC_ARC = YES;
				CLANG_ENABLE_OBJC_WEAK = YES;
				CLANG_WARN_BLOCK_CAPTURE_AUTORELEASING = YES;
				CLANG_WARN_BOOL_CONVERSION = YES;
				CLANG_WARN_COMMA = YES;
				CLANG_WARN_CONSTANT_CONVERSION = YES;
				CLANG_WARN_DEPRECATED_OBJC_IMPLEMENTATIONS = YES;
				CLANG_WARN_DIRECT_OBJC_ISA_USAGE = YES_ERROR;
				CLANG_WARN_DOCUMENTATION_COMMENTS = YES;
				CLANG_WARN_EMPTY_BODY = YES;
				CLANG_WARN_ENUM_CONVERSION = YES;
				CLANG_WARN_INFINITE_RECURSION = YES;
				CLANG_WARN_INT_CONVERSION = YES;
				CLANG_WARN_NON_LITERAL_NULL_CONVERSION = YES;
				CLANG_WARN_OBJC_IMPLICIT_RETAIN_SELF = YES;
				CLANG_WARN_OBJC_LITERAL_CONVERSION = YES;
				CLANG_WARN_OBJC_ROOT_CLASS = YES_ERROR;
				CLANG_WARN_RANGE_LOOP_ANALYSIS = YES;
				CLANG_WARN_STRICT_PROTOTYPES = YES;
				CLANG_WARN_SUSPICIOUS_MOVE = YES;
				CLANG_WARN_UNGUARDED_AVAILABILITY = YES_AGGRESSIVE;
				CLANG_WARN_UNREACHABLE_CODE = YES;
				CLANG_WARN__DUPLICATE_METHOD_MATCH = YES;
				CODE_SIGN_IDENTITY = "iPhone Developer";
				COPY_PHASE_STRIP = NO;
				DEBUG_INFORMATION_FORMAT = dwarf;
				ENABLE_STRICT_OBJC_MSGSEND = YES;
				ENABLE_TESTABILITY = YES;
				GCC_C_LANGUAGE_STANDARD = gnu11;
				GCC_DYNAMIC_NO_PIC = NO;
				GCC_NO_COMMON_BLOCKS = YES;
				GCC_OPTIMIZATION_LEVEL = 0;
				GCC_PREPROCESSOR_DEFINITIONS = (
					"DEBUG=1",
					"$(inherited)",
				);
				GCC_WARN_64_TO_32_BIT_CONVERSION = YES;
				GCC_WARN_ABOUT_RETURN_TYPE = YES_ERROR;
				GCC_WARN_UNDECLARED_SELECTOR = YES;
				GCC_WARN_UNINITIALIZED_AUTOS = YES_AGGRESSIVE;
				GCC_WARN_UNUSED_FUNCTION = YES;
				GCC_WARN_UNUSED_VARIABLE = YES;
				IPHONEOS_DEPLOYMENT_TARGET = 12.1;
				MTL_ENABLE_DEBUG_INFO = INCLUDE_SOURCE;
				MTL_FAST_MATH = YES;
				ONLY_ACTIVE_ARCH = YES;
				SDKROOT = iphoneos;
				SWIFT_ACTIVE_COMPILATION_CONDITIONS = DEBUG;
				SWIFT_OPTIMIZATION_LEVEL = "-Onone";
			};
			name = Debug;
		};
		8B32257121DD0A2C000DC37B /* Release */ = {
			isa = XCBuildConfiguration;
			buildSettings = {
				ALWAYS_SEARCH_USER_PATHS = NO;
				CLANG_ANALYZER_NONNULL = YES;
				CLANG_ANALYZER_NUMBER_OBJECT_CONVERSION = YES_AGGRESSIVE;
				CLANG_CXX_LANGUAGE_STANDARD = "gnu++14";
				CLANG_CXX_LIBRARY = "libc++";
				CLANG_ENABLE_MODULES = YES;
				CLANG_ENABLE_OBJC_ARC = YES;
				CLANG_ENABLE_OBJC_WEAK = YES;
				CLANG_WARN_BLOCK_CAPTURE_AUTORELEASING = YES;
				CLANG_WARN_BOOL_CONVERSION = YES;
				CLANG_WARN_COMMA = YES;
				CLANG_WARN_CONSTANT_CONVERSION = YES;
				CLANG_WARN_DEPRECATED_OBJC_IMPLEMENTATIONS = YES;
				CLANG_WARN_DIRECT_OBJC_ISA_USAGE = YES_ERROR;
				CLANG_WARN_DOCUMENTATION_COMMENTS = YES;
				CLANG_WARN_EMPTY_BODY = YES;
				CLANG_WARN_ENUM_CONVERSION = YES;
				CLANG_WARN_INFINITE_RECURSION = YES;
				CLANG_WARN_INT_CONVERSION = YES;
				CLANG_WARN_NON_LITERAL_NULL_CONVERSION = YES;
				CLANG_WARN_OBJC_IMPLICIT_RETAIN_SELF = YES;
				CLANG_WARN_OBJC_LITERAL_CONVERSION = YES;
				CLANG_WARN_OBJC_ROOT_CLASS = YES_ERROR;
				CLANG_WARN_RANGE_LOOP_ANALYSIS = YES;
				CLANG_WARN_STRICT_PROTOTYPES = YES;
				CLANG_WARN_SUSPICIOUS_MOVE = YES;
				CLANG_WARN_UNGUARDED_AVAILABILITY = YES_AGGRESSIVE;
				CLANG_WARN_UNREACHABLE_CODE = YES;
				CLANG_WARN__DUPLICATE_METHOD_MATCH = YES;
				CODE_SIGN_IDENTITY = "iPhone Developer";
				COPY_PHASE_STRIP = NO;
				DEBUG_INFORMATION_FORMAT = "dwarf-with-dsym";
				ENABLE_NS_ASSERTIONS = NO;
				ENABLE_STRICT_OBJC_MSGSEND = YES;
				GCC_C_LANGUAGE_STANDARD = gnu11;
				GCC_NO_COMMON_BLOCKS = YES;
				GCC_WARN_64_TO_32_BIT_CONVERSION = YES;
				GCC_WARN_ABOUT_RETURN_TYPE = YES_ERROR;
				GCC_WARN_UNDECLARED_SELECTOR = YES;
				GCC_WARN_UNINITIALIZED_AUTOS = YES_AGGRESSIVE;
				GCC_WARN_UNUSED_FUNCTION = YES;
				GCC_WARN_UNUSED_VARIABLE = YES;
				IPHONEOS_DEPLOYMENT_TARGET = 12.1;
				MTL_ENABLE_DEBUG_INFO = NO;
				MTL_FAST_MATH = YES;
				SDKROOT = iphoneos;
				SWIFT_COMPILATION_MODE = wholemodule;
				SWIFT_OPTIMIZATION_LEVEL = "-O";
				VALIDATE_PRODUCT = YES;
			};
			name = Release;
		};
		8B32257321DD0A2C000DC37B /* Debug */ = {
			isa = XCBuildConfiguration;
			buildSettings = {
				ASSETCATALOG_COMPILER_APPICON_NAME = AppIcon;
				CODE_SIGN_STYLE = Automatic;
				DEVELOPMENT_TEAM = 74S7W4SA3L;
				INFOPLIST_FILE = MinimalAppDelegateTest/Info.plist;
				LD_RUNPATH_SEARCH_PATHS = (
					"$(inherited)",
					"@executable_path/Frameworks",
				);
				PRODUCT_BUNDLE_IDENTIFIER = maxatma.MinimalAppDelegateTest;
				PRODUCT_NAME = "$(TARGET_NAME)";
				SWIFT_VERSION = 4.2;
				TARGETED_DEVICE_FAMILY = "1,2";
			};
			name = Debug;
		};
		8B32257421DD0A2C000DC37B /* Release */ = {
			isa = XCBuildConfiguration;
			buildSettings = {
				ASSETCATALOG_COMPILER_APPICON_NAME = AppIcon;
				CODE_SIGN_STYLE = Automatic;
				DEVELOPMENT_TEAM = 74S7W4SA3L;
				INFOPLIST_FILE = MinimalAppDelegateTest/Info.plist;
				LD_RUNPATH_SEARCH_PATHS = (
					"$(inherited)",
					"@executable_path/Frameworks",
				);
				PRODUCT_BUNDLE_IDENTIFIER = maxatma.MinimalAppDelegateTest;
				PRODUCT_NAME = "$(TARGET_NAME)";
				SWIFT_VERSION = 4.2;
				TARGETED_DEVICE_FAMILY = "1,2";
			};
			name = Release;
		};
/* End XCBuildConfiguration section */

/* Begin XCConfigurationList section */
		8B32255B21DD0A2B000DC37B /* Build configuration list for PBXProject "MinimalAppDelegateTest" */ = {
			isa = XCConfigurationList;
			buildConfigurations = (
				8B32257021DD0A2C000DC37B /* Debug */,
				8B32257121DD0A2C000DC37B /* Release */,
			);
			defaultConfigurationIsVisible = 0;
			defaultConfigurationName = Release;
		};
		8B32257221DD0A2C000DC37B /* Build configuration list for PBXNativeTarget "MinimalAppDelegateTest" */ = {
			isa = XCConfigurationList;
			buildConfigurations = (
				8B32257321DD0A2C000DC37B /* Debug */,
				8B32257421DD0A2C000DC37B /* Release */,
			);
			defaultConfigurationIsVisible = 0;
			defaultConfigurationName = Release;
		};
/* End XCConfigurationList section */
	};
	rootObject = 8B32255821DD0A2B000DC37B /* Project object */;
}
